
Microsoft Visual Studio Solution File, Format Version 12.00
# Visual Studio Version 17
VisualStudioVersion = 17.7.34221.43
MinimumVisualStudioVersion = 10.0.40219.1
Project("{9A19103F-16F7-4668-BE54-9A1E7A4F7556}") = "Factory", "Factory.csproj", "{DC7A2713-127E-4B70-B7F5-980A7BCCFD27}"
EndProject
Project("{FAE04EC0-301F-11D3-BF4B-00C04F79EFBC}") = "CarLib", "..\CarLib\CarLib.csproj", "{DB68F2FD-A8A9-44E1-8D30-2F73B720D6E0}"
EndProject
Project("{FAE04EC0-301F-11D3-BF4B-00C04F79EFBC}") = "CarFactory", "..\CarFactory\CarFactory.csproj", "{9B7174B6-E568-4CCA-A1E0-53BA140DCE63}"
EndProject
Global
	GlobalSection(SolutionConfigurationPlatforms) = preSolution
		Debug|Any CPU = Debug|Any CPU
		Release|Any CPU = Release|Any CPU
	EndGlobalSection
	GlobalSection(ProjectConfigurationPlatforms) = postSolution
		{DC7A2713-127E-4B70-B7F5-980A7BCCFD27}.Debug|Any CPU.ActiveCfg = Debug|Any CPU
		{DC7A2713-127E-4B70-B7F5-980A7BCCFD27}.Debug|Any CPU.Build.0 = Debug|Any CPU
		{DC7A2713-127E-4B70-B7F5-980A7BCCFD27}.Release|Any CPU.ActiveCfg = Release|Any CPU
		{DC7A2713-127E-4B70-B7F5-980A7BCCFD27}.Release|Any CPU.Build.0 = Release|Any CPU
		{DB68F2FD-A8A9-44E1-8D30-2F73B720D6E0}.Debug|Any CPU.ActiveCfg = Debug|Any CPU
		{DB68F2FD-A8A9-44E1-8D30-2F73B720D6E0}.Debug|Any CPU.Build.0 = Debug|Any CPU
		{DB68F2FD-A8A9-44E1-8D30-2F73B720D6E0}.Release|Any CPU.ActiveCfg = Release|Any CPU
		{DB68F2FD-A8A9-44E1-8D30-2F73B720D6E0}.Release|Any CPU.Build.0 = Release|Any CPU
		{9B7174B6-E568-4CCA-A1E0-53BA140DCE63}.Debug|Any CPU.ActiveCfg = Debug|Any CPU
		{9B7174B6-E568-4CCA-A1E0-53BA140DCE63}.Debug|Any CPU.Build.0 = Debug|Any CPU
		{9B7174B6-E568-4CCA-A1E0-53BA140DCE63}.Release|Any CPU.ActiveCfg = Release|Any CPU
		{9B7174B6-E568-4CCA-A1E0-53BA140DCE63}.Release|Any CPU.Build.0 = Release|Any CPU
	EndGlobalSection
	GlobalSection(SolutionProperties) = preSolution
		HideSolutionNode = FALSE
	EndGlobalSection
	GlobalSection(ExtensibilityGlobals) = postSolution
		SolutionGuid = {4883DD0D-4E44-44E6-A7AB-59D8799D697D}
	EndGlobalSection
EndGlobal
